
Microsoft Visual Studio Solution File, Format Version 12.00
# Visual Studio Version 17
VisualStudioVersion = 17.4.33213.308
MinimumVisualStudioVersion = 10.0.40219.1
Project("{FAE04EC0-301F-11D3-BF4B-00C04F79EFBC}") = "Systemintegration", "Systemintegration\Systemintegration.csproj", "{04CBD7D6-0AEE-46BF-92B6-EAF24815DE24}"
EndProject
Global
	GlobalSection(SolutionConfigurationPlatforms) = preSolution
		Debug|Any CPU = Debug|Any CPU
		Release|Any CPU = Release|Any CPU
	EndGlobalSection
	GlobalSection(ProjectConfigurationPlatforms) = postSolution
		{04CBD7D6-0AEE-46BF-92B6-EAF24815DE24}.Debug|Any CPU.ActiveCfg = Debug|Any CPU
		{04CBD7D6-0AEE-46BF-92B6-EAF24815DE24}.Debug|Any CPU.Build.0 = Debug|Any CPU
		{04CBD7D6-0AEE-46BF-92B6-EAF24815DE24}.Release|Any CPU.ActiveCfg = Release|Any CPU
		{04CBD7D6-0AEE-46BF-92B6-EAF24815DE24}.Release|Any CPU.Build.0 = Release|Any CPU
	EndGlobalSection
	GlobalSection(SolutionProperties) = preSolution
		HideSolutionNode = FALSE
	EndGlobalSection
	GlobalSection(ExtensibilityGlobals) = postSolution
		SolutionGuid = {369D43BF-681C-46C3-A7A9-649292C6F2A0}
	EndGlobalSection
EndGlobal
